
Microsoft Visual Studio Solution File, Format Version 12.00
Project("{FAE04EC0-301F-11D3-BF4B-00C04F79EFBC}") = "CP4.API.Tests", "CP4.API.Tests\CP4.API.Tests.csproj", "{86D239DA-365D-4554-9571-2134116612CE}"
EndProject
Project("{2150E333-8FDC-42A3-9474-1A3956D46DE8}") = "tests", "tests", "{DFA92A19-4782-49C3-A732-A20493843073}"
EndProject
Project("{2150E333-8FDC-42A3-9474-1A3956D46DE8}") = "src", "src", "{F88DF277-CE1E-4197-8B75-C35C37B23859}"
EndProject
Project("{FAE04EC0-301F-11D3-BF4B-00C04F79EFBC}") = "CP4.API", "CP4.API\CP4.API.csproj", "{134DC18B-ABDF-42B1-9840-828EE1C45DB7}"
EndProject
Project("{FAE04EC0-301F-11D3-BF4B-00C04F79EFBC}") = "CP4.Infrastructures", "CP4.Infrastructures\CP4.Infrastructures.csproj", "{F033A328-7F89-4B60-B4BA-29104DA9D844}"
EndProject
Project("{FAE04EC0-301F-11D3-BF4B-00C04F79EFBC}") = "CP4.Aplication", "CP4.Aplication\CP4.Aplication.csproj", "{0EEF953C-3F88-4DD6-BD72-63E055C8C309}"
EndProject
Project("{FAE04EC0-301F-11D3-BF4B-00C04F79EFBC}") = "CP4.Domain", "CP4.Domain\CP4.Domain.csproj", "{507F71C6-1418-4FBF-A7B6-1EF195F023A3}"
EndProject
Global
	GlobalSection(SolutionConfigurationPlatforms) = preSolution
		Debug|Any CPU = Debug|Any CPU
		Release|Any CPU = Release|Any CPU
	EndGlobalSection
	GlobalSection(ProjectConfigurationPlatforms) = postSolution
		{86D239DA-365D-4554-9571-2134116612CE}.Debug|Any CPU.ActiveCfg = Debug|Any CPU
		{86D239DA-365D-4554-9571-2134116612CE}.Debug|Any CPU.Build.0 = Debug|Any CPU
		{86D239DA-365D-4554-9571-2134116612CE}.Release|Any CPU.ActiveCfg = Release|Any CPU
		{86D239DA-365D-4554-9571-2134116612CE}.Release|Any CPU.Build.0 = Release|Any CPU
		{134DC18B-ABDF-42B1-9840-828EE1C45DB7}.Debug|Any CPU.ActiveCfg = Debug|Any CPU
		{134DC18B-ABDF-42B1-9840-828EE1C45DB7}.Debug|Any CPU.Build.0 = Debug|Any CPU
		{134DC18B-ABDF-42B1-9840-828EE1C45DB7}.Release|Any CPU.ActiveCfg = Release|Any CPU
		{134DC18B-ABDF-42B1-9840-828EE1C45DB7}.Release|Any CPU.Build.0 = Release|Any CPU
		{F033A328-7F89-4B60-B4BA-29104DA9D844}.Debug|Any CPU.ActiveCfg = Debug|Any CPU
		{F033A328-7F89-4B60-B4BA-29104DA9D844}.Debug|Any CPU.Build.0 = Debug|Any CPU
		{F033A328-7F89-4B60-B4BA-29104DA9D844}.Release|Any CPU.ActiveCfg = Release|Any CPU
		{F033A328-7F89-4B60-B4BA-29104DA9D844}.Release|Any CPU.Build.0 = Release|Any CPU
		{0EEF953C-3F88-4DD6-BD72-63E055C8C309}.Debug|Any CPU.ActiveCfg = Debug|Any CPU
		{0EEF953C-3F88-4DD6-BD72-63E055C8C309}.Debug|Any CPU.Build.0 = Debug|Any CPU
		{0EEF953C-3F88-4DD6-BD72-63E055C8C309}.Release|Any CPU.ActiveCfg = Release|Any CPU
		{0EEF953C-3F88-4DD6-BD72-63E055C8C309}.Release|Any CPU.Build.0 = Release|Any CPU
		{507F71C6-1418-4FBF-A7B6-1EF195F023A3}.Debug|Any CPU.ActiveCfg = Debug|Any CPU
		{507F71C6-1418-4FBF-A7B6-1EF195F023A3}.Debug|Any CPU.Build.0 = Debug|Any CPU
		{507F71C6-1418-4FBF-A7B6-1EF195F023A3}.Release|Any CPU.ActiveCfg = Release|Any CPU
		{507F71C6-1418-4FBF-A7B6-1EF195F023A3}.Release|Any CPU.Build.0 = Release|Any CPU
	EndGlobalSection
	GlobalSection(NestedProjects) = preSolution
		{86D239DA-365D-4554-9571-2134116612CE} = {DFA92A19-4782-49C3-A732-A20493843073}
		{134DC18B-ABDF-42B1-9840-828EE1C45DB7} = {F88DF277-CE1E-4197-8B75-C35C37B23859}
		{F033A328-7F89-4B60-B4BA-29104DA9D844} = {F88DF277-CE1E-4197-8B75-C35C37B23859}
		{0EEF953C-3F88-4DD6-BD72-63E055C8C309} = {F88DF277-CE1E-4197-8B75-C35C37B23859}
		{507F71C6-1418-4FBF-A7B6-1EF195F023A3} = {F88DF277-CE1E-4197-8B75-C35C37B23859}
	EndGlobalSection
EndGlobal
